// !$*UTF8*$!
{
	archiveVersion = 1;
	classes = {
	};
	objectVersion = 77;
	objects = {

/* Begin PBXContainerItemProxy section */
		1C02203E2CD0000000F8EC7C /* PBXContainerItemProxy */ = {
			isa = PBXContainerItemProxy;
			containerPortal = 1C02201F2CCFFFFE00F8EC7C /* Project object */;
			proxyType = 1;
			remoteGlobalIDString = 1C0220262CCFFFFE00F8EC7C;
			remoteInfo = dizemlianukhinPW2;
		};
		1C0220482CD0000000F8EC7C /* PBXContainerItemProxy */ = {
			isa = PBXContainerItemProxy;
			containerPortal = 1C02201F2CCFFFFE00F8EC7C /* Project object */;
			proxyType = 1;
			remoteGlobalIDString = 1C0220262CCFFFFE00F8EC7C;
			remoteInfo = dizemlianukhinPW2;
		};
/* End PBXContainerItemProxy section */

/* Begin PBXFileReference section */
		1C0220272CCFFFFE00F8EC7C /* dizemlianukhinPW2.app */ = {isa = PBXFileReference; explicitFileType = wrapper.application; includeInIndex = 0; path = dizemlianukhinPW2.app; sourceTree = BUILT_PRODUCTS_DIR; };
		1C02203D2CD0000000F8EC7C /* dizemlianukhinPW2Tests.xctest */ = {isa = PBXFileReference; explicitFileType = wrapper.cfbundle; includeInIndex = 0; path = dizemlianukhinPW2Tests.xctest; sourceTree = BUILT_PRODUCTS_DIR; };
		1C0220472CD0000000F8EC7C /* dizemlianukhinPW2UITests.xctest */ = {isa = PBXFileReference; explicitFileType = wrapper.cfbundle; includeInIndex = 0; path = dizemlianukhinPW2UITests.xctest; sourceTree = BUILT_PRODUCTS_DIR; };
/* End PBXFileReference section */

/* Begin PBXFileSystemSynchronizedBuildFileExceptionSet section */
		1C02204F2CD0000000F8EC7C /* Exceptions for "dizemlianukhinPW2" folder in "dizemlianukhinPW2" target */ = {
			isa = PBXFileSystemSynchronizedBuildFileExceptionSet;
			membershipExceptions = (
				Info.plist,
			);
			target = 1C0220262CCFFFFE00F8EC7C /* dizemlianukhinPW2 */;
		};
/* End PBXFileSystemSynchronizedBuildFileExceptionSet section */

/* Begin PBXFileSystemSynchronizedRootGroup section */
		1C0220292CCFFFFE00F8EC7C /* dizemlianukhinPW2 */ = {
			isa = PBXFileSystemSynchronizedRootGroup;
			exceptions = (
				1C02204F2CD0000000F8EC7C /* Exceptions for "dizemlianukhinPW2" folder in "dizemlianukhinPW2" target */,
			);
			path = dizemlianukhinPW2;
			sourceTree = "<group>";
		};
		1C0220402CD0000000F8EC7C /* dizemlianukhinPW2Tests */ = {
			isa = PBXFileSystemSynchronizedRootGroup;
			path = dizemlianukhinPW2Tests;
			sourceTree = "<group>";
		};
		1C02204A2CD0000000F8EC7C /* dizemlianukhinPW2UITests */ = {
			isa = PBXFileSystemSynchronizedRootGroup;
			path = dizemlianukhinPW2UITests;
			sourceTree = "<group>";
		};
/* End PBXFileSystemSynchronizedRootGroup section */

/* Begin PBXFrameworksBuildPhase section */
		1C0220242CCFFFFE00F8EC7C /* Frameworks */ = {
			isa = PBXFrameworksBuildPhase;
			buildActionMask = 2147483647;
			files = (
			);
			runOnlyForDeploymentPostprocessing = 0;
		};
		1C02203A2CD0000000F8EC7C /* Frameworks */ = {
			isa = PBXFrameworksBuildPhase;
			buildActionMask = 2147483647;
			files = (
			);
			runOnlyForDeploymentPostprocessing = 0;
		};
		1C0220442CD0000000F8EC7C /* Frameworks */ = {
			isa = PBXFrameworksBuildPhase;
			buildActionMask = 2147483647;
			files = (
			);
			runOnlyForDeploymentPostprocessing = 0;
		};
/* End PBXFrameworksBuildPhase section */

/* Begin PBXGroup section */
		1C02201E2CCFFFFE00F8EC7C = {
			isa = PBXGroup;
			children = (
				1C0220292CCFFFFE00F8EC7C /* dizemlianukhinPW2 */,
				1C0220402CD0000000F8EC7C /* dizemlianukhinPW2Tests */,
				1C02204A2CD0000000F8EC7C /* dizemlianukhinPW2UITests */,
				1C0220282CCFFFFE00F8EC7C /* Products */,
			);
			sourceTree = "<group>";
		};
		1C0220282CCFFFFE00F8EC7C /* Products */ = {
			isa = PBXGroup;
			children = (
				1C0220272CCFFFFE00F8EC7C /* dizemlianukhinPW2.app */,
				1C02203D2CD0000000F8EC7C /* dizemlianukhinPW2Tests.xctest */,
				1C0220472CD0000000F8EC7C /* dizemlianukhinPW2UITests.xctest */,
			);
			name = Products;
			sourceTree = "<group>";
		};
/* End PBXGroup section */

/* Begin PBXNativeTarget section */
		1C0220262CCFFFFE00F8EC7C /* dizemlianukhinPW2 */ = {
			isa = PBXNativeTarget;
			buildConfigurationList = 1C0220502CD0000000F8EC7C /* Build configuration list for PBXNativeTarget "dizemlianukhinPW2" */;
			buildPhases = (
				1C0220232CCFFFFE00F8EC7C /* Sources */,
				1C0220242CCFFFFE00F8EC7C /* Frameworks */,
				1C0220252CCFFFFE00F8EC7C /* Resources */,
			);
			buildRules = (
			);
			dependencies = (
			);
			fileSystemSynchronizedGroups = (
				1C0220292CCFFFFE00F8EC7C /* dizemlianukhinPW2 */,
			);
			name = dizemlianukhinPW2;
			packageProductDependencies = (
			);
			productName = dizemlianukhinPW2;
			productReference = 1C0220272CCFFFFE00F8EC7C /* dizemlianukhinPW2.app */;
			productType = "com.apple.product-type.application";
		};
		1C02203C2CD0000000F8EC7C /* dizemlianukhinPW2Tests */ = {
			isa = PBXNativeTarget;
			buildConfigurationList = 1C0220552CD0000000F8EC7C /* Build configuration list for PBXNativeTarget "dizemlianukhinPW2Tests" */;
			buildPhases = (
				1C0220392CD0000000F8EC7C /* Sources */,
				1C02203A2CD0000000F8EC7C /* Frameworks */,
				1C02203B2CD0000000F8EC7C /* Resources */,
			);
			buildRules = (
			);
			dependencies = (
				1C02203F2CD0000000F8EC7C /* PBXTargetDependency */,
			);
			fileSystemSynchronizedGroups = (
				1C0220402CD0000000F8EC7C /* dizemlianukhinPW2Tests */,
			);
			name = dizemlianukhinPW2Tests;
			packageProductDependencies = (
			);
			productName = dizemlianukhinPW2Tests;
			productReference = 1C02203D2CD0000000F8EC7C /* dizemlianukhinPW2Tests.xctest */;
			productType = "com.apple.product-type.bundle.unit-test";
		};
		1C0220462CD0000000F8EC7C /* dizemlianukhinPW2UITests */ = {
			isa = PBXNativeTarget;
			buildConfigurationList = 1C0220582CD0000000F8EC7C /* Build configuration list for PBXNativeTarget "dizemlianukhinPW2UITests" */;
			buildPhases = (
				1C0220432CD0000000F8EC7C /* Sources */,
				1C0220442CD0000000F8EC7C /* Frameworks */,
				1C0220452CD0000000F8EC7C /* Resources */,
			);
			buildRules = (
			);
			dependencies = (
				1C0220492CD0000000F8EC7C /* PBXTargetDependency */,
			);
			fileSystemSynchronizedGroups = (
				1C02204A2CD0000000F8EC7C /* dizemlianukhinPW2UITests */,
			);
			name = dizemlianukhinPW2UITests;
			packageProductDependencies = (
			);
			productName = dizemlianukhinPW2UITests;
			productReference = 1C0220472CD0000000F8EC7C /* dizemlianukhinPW2UITests.xctest */;
			productType = "com.apple.product-type.bundle.ui-testing";
		};
/* End PBXNativeTarget section */

/* Begin PBXProject section */
		1C02201F2CCFFFFE00F8EC7C /* Project object */ = {
			isa = PBXProject;
			attributes = {
				BuildIndependentTargetsInParallel = 1;
				LastSwiftUpdateCheck = 1600;
				LastUpgradeCheck = 1600;
				TargetAttributes = {
					1C0220262CCFFFFE00F8EC7C = {
						CreatedOnToolsVersion = 16.0;
					};
					1C02203C2CD0000000F8EC7C = {
						CreatedOnToolsVersion = 16.0;
						TestTargetID = 1C0220262CCFFFFE00F8EC7C;
					};
					1C0220462CD0000000F8EC7C = {
						CreatedOnToolsVersion = 16.0;
						TestTargetID = 1C0220262CCFFFFE00F8EC7C;
					};
				};
			};
			buildConfigurationList = 1C0220222CCFFFFE00F8EC7C /* Build configuration list for PBXProject "dizemlianukhinPW2" */;
			developmentRegion = en;
			hasScannedForEncodings = 0;
			knownRegions = (
				en,
				Base,
			);
			mainGroup = 1C02201E2CCFFFFE00F8EC7C;
			minimizedProjectReferenceProxies = 1;
			preferredProjectObjectVersion = 77;
			productRefGroup = 1C0220282CCFFFFE00F8EC7C /* Products */;
			projectDirPath = "";
			projectRoot = "";
			targets = (
				1C0220262CCFFFFE00F8EC7C /* dizemlianukhinPW2 */,
				1C02203C2CD0000000F8EC7C /* dizemlianukhinPW2Tests */,
				1C0220462CD0000000F8EC7C /* dizemlianukhinPW2UITests */,
			);
		};
/* End PBXProject section */

/* Begin PBXResourcesBuildPhase section */
		1C0220252CCFFFFE00F8EC7C /* Resources */ = {
			isa = PBXResourcesBuildPhase;
			buildActionMask = 2147483647;
			files = (
			);
			runOnlyForDeploymentPostprocessing = 0;
		};
		1C02203B2CD0000000F8EC7C /* Resources */ = {
			isa = PBXResourcesBuildPhase;
			buildActionMask = 2147483647;
			files = (
			);
			runOnlyForDeploymentPostprocessing = 0;
		};
		1C0220452CD0000000F8EC7C /* Resources */ = {
			isa = PBXResourcesBuildPhase;
			buildActionMask = 2147483647;
			files = (
			);
			runOnlyForDeploymentPostprocessing = 0;
		};
/* End PBXResourcesBuildPhase section */

/* Begin PBXSourcesBuildPhase section */
		1C0220232CCFFFFE00F8EC7C /* Sources */ = {
			isa = PBXSourcesBuildPhase;
			buildActionMask = 2147483647;
			files = (
			);
			runOnlyForDeploymentPostprocessing = 0;
		};
		1C0220392CD0000000F8EC7C /* Sources */ = {
			isa = PBXSourcesBuildPhase;
			buildActionMask = 2147483647;
			files = (
			);
			runOnlyForDeploymentPostprocessing = 0;
		};
		1C0220432CD0000000F8EC7C /* Sources */ = {
			isa = PBXSourcesBuildPhase;
			buildActionMask = 2147483647;
			files = (
			);
			runOnlyForDeploymentPostprocessing = 0;
		};
/* End PBXSourcesBuildPhase section */

/* Begin PBXTargetDependency section */
		1C02203F2CD0000000F8EC7C /* PBXTargetDependency */ = {
			isa = PBXTargetDependency;
			target = 1C0220262CCFFFFE00F8EC7C /* dizemlianukhinPW2 */;
			targetProxy = 1C02203E2CD0000000F8EC7C /* PBXContainerItemProxy */;
		};
		1C0220492CD0000000F8EC7C /* PBXTargetDependency */ = {
			isa = PBXTargetDependency;
			target = 1C0220262CCFFFFE00F8EC7C /* dizemlianukhinPW2 */;
			targetProxy = 1C0220482CD0000000F8EC7C /* PBXContainerItemProxy */;
		};
/* End PBXTargetDependency section */

/* Begin XCBuildConfiguration section */
		1C0220512CD0000000F8EC7C /* Debug */ = {
			isa = XCBuildConfiguration;
			buildSettings = {
				ASSETCATALOG_COMPILER_APPICON_NAME = AppIcon;
				ASSETCATALOG_COMPILER_GLOBAL_ACCENT_COLOR_NAME = AccentColor;
				CODE_SIGN_STYLE = Automatic;
				CURRENT_PROJECT_VERSION = 1;
				DEVELOPMENT_TEAM = 7T7S6TSNMX;
				GENERATE_INFOPLIST_FILE = YES;
				INFOPLIST_FILE = dizemlianukhinPW2/Info.plist;
				INFOPLIST_KEY_UIApplicationSupportsIndirectInputEvents = YES;
				INFOPLIST_KEY_UILaunchStoryboardName = LaunchScreen;
				INFOPLIST_KEY_UIMainStoryboardFile = "";
				INFOPLIST_KEY_UISupportedInterfaceOrientations_iPad = "UIInterfaceOrientationPortrait UIInterfaceOrientationPortraitUpsideDown UIInterfaceOrientationLandscapeLeft UIInterfaceOrientationLandscapeRight";
				INFOPLIST_KEY_UISupportedInterfaceOrientations_iPhone = "UIInterfaceOrientationPortrait UIInterfaceOrientationLandscapeLeft UIInterfaceOrientationLandscapeRight";
				IPHONEOS_DEPLOYMENT_TARGET = 16.6;
				LD_RUNPATH_SEARCH_PATHS = (
					"$(inherited)",
					"@executable_path/Frameworks",
				);
				MARKETING_VERSION = 1.0;
				PRODUCT_BUNDLE_IDENTIFIER = zemld.dizemlianukhinPW2;
				PRODUCT_NAME = "$(TARGET_NAME)";
				SWIFT_EMIT_LOC_STRINGS = YES;
				SWIFT_VERSION = 5.0;
				TARGETED_DEVICE_FAMILY = "1,2";
			};
			name = Debug;
		};
		1C0220522CD0000000F8EC7C /* Release */ = {
			isa = XCBuildConfiguration;
			buildSettings = {
				ASSETCATALOG_COMPILER_APPICON_NAME = AppIcon;
				ASSETCATALOG_COMPILER_GLOBAL_ACCENT_COLOR_NAME = AccentColor;
				CODE_SIGN_STYLE = Automatic;
				CURRENT_PROJECT_VERSION = 1;
				DEVELOPMENT_TEAM = 7T7S6TSNMX;
				GENERATE_INFOPLIST_FILE = YES;
				INFOPLIST_FILE = dizemlianukhinPW2/Info.plist;
				INFOPLIST_KEY_UIApplicationSupportsIndirectInputEvents = YES;
				INFOPLIST_KEY_UILaunchStoryboardName = LaunchScreen;
				INFOPLIST_KEY_UIMainStoryboardFile = "";
				INFOPLIST_KEY_UISupportedInterfaceOrientations_iPad = "UIInterfaceOrientationPortrait UIInterfaceOrientationPortraitUpsideDown UIInterfaceOrientationLandscapeLeft UIInterfaceOrientationLandscapeRight";
				INFOPLIST_KEY_UISupportedInterfaceOrientations_iPhone = "UIInterfaceOrientationPortrait UIInterfaceOrientationLandscapeLeft UIInterfaceOrientationLandscapeRight";
				IPHONEOS_DEPLOYMENT_TARGET = 16.6;
				LD_RUNPATH_SEARCH_PATHS = (
					"$(inherited)",
					"@executable_path/Frameworks",
				);
				MARKETING_VERSION = 1.0;
				PRODUCT_BUNDLE_IDENTIFIER = zemld.dizemlianukhinPW2;
				PRODUCT_NAME = "$(TARGET_NAME)";
				SWIFT_EMIT_LOC_STRINGS = YES;
				SWIFT_VERSION = 5.0;
				TARGETED_DEVICE_FAMILY = "1,2";
			};
			name = Release;
		};
		1C0220532CD0000000F8EC7C /* Debug */ = {
			isa = XCBuildConfiguration;
			buildSettings = {
				ALWAYS_SEARCH_USER_PATHS = NO;
				ASSETCATALOG_COMPILER_GENERATE_SWIFT_ASSET_SYMBOL_EXTENSIONS = YES;
				CLANG_ANALYZER_NONNULL = YES;
				CLANG_ANALYZER_NUMBER_OBJECT_CONVERSION = YES_AGGRESSIVE;
				CLANG_CXX_LANGUAGE_STANDARD = "gnu++20";
				CLANG_ENABLE_MODULES = YES;
				CLANG_ENABLE_OBJC_ARC = YES;
				CLANG_ENABLE_OBJC_WEAK = YES;
				CLANG_WARN_BLOCK_CAPTURE_AUTORELEASING = YES;
				CLANG_WARN_BOOL_CONVERSION = YES;
				CLANG_WARN_COMMA = YES;
				CLANG_WARN_CONSTANT_CONVERSION = YES;
				CLANG_WARN_DEPRECATED_OBJC_IMPLEMENTATIONS = YES;
				CLANG_WARN_DIRECT_OBJC_ISA_USAGE = YES_ERROR;
				CLANG_WARN_DOCUMENTATION_COMMENTS = YES;
				CLANG_WARN_EMPTY_BODY = YES;
				CLANG_WARN_ENUM_CONVERSION = YES;
				CLANG_WARN_INFINITE_RECURSION = YES;
				CLANG_WARN_INT_CONVERSION = YES;
				CLANG_WARN_NON_LITERAL_NULL_CONVERSION = YES;
				CLANG_WARN_OBJC_IMPLICIT_RETAIN_SELF = YES;
				CLANG_WARN_OBJC_LITERAL_CONVERSION = YES;
				CLANG_WARN_OBJC_ROOT_CLASS = YES_ERROR;
				CLANG_WARN_QUOTED_INCLUDE_IN_FRAMEWORK_HEADER = YES;
				CLANG_WARN_RANGE_LOOP_ANALYSIS = YES;
				CLANG_WARN_STRICT_PROTOTYPES = YES;
				CLANG_WARN_SUSPICIOUS_MOVE = YES;
				CLANG_WARN_UNGUARDED_AVAILABILITY = YES_AGGRESSIVE;
				CLANG_WARN_UNREACHABLE_CODE = YES;
				CLANG_WARN__DUPLICATE_METHOD_MATCH = YES;
				COPY_PHASE_STRIP = NO;
				DEBUG_INFORMATION_FORMAT = dwarf;
				ENABLE_STRICT_OBJC_MSGSEND = YES;
				ENABLE_TESTABILITY = YES;
				ENABLE_USER_SCRIPT_SANDBOXING = YES;
				GCC_C_LANGUAGE_STANDARD = gnu17;
				GCC_DYNAMIC_NO_PIC = NO;
				GCC_NO_COMMON_BLOCKS = YES;
				GCC_OPTIMIZATION_LEVEL = 0;
				GCC_PREPROCESSOR_DEFINITIONS = (
					"DEBUG=1",
					"$(inherited)",
				);
				GCC_WARN_64_TO_32_BIT_CONVERSION = YES;
				GCC_WARN_ABOUT_RETURN_TYPE = YES_ERROR;
				GCC_WARN_UNDECLARED_SELECTOR = YES;
				GCC_WARN_UNINITIALIZED_AUTOS = YES_AGGRESSIVE;
				GCC_WARN_UNUSED_FUNCTION = YES;
				GCC_WARN_UNUSED_VARIABLE = YES;
				INFOPLIST_KEY_UIMainStoryboardFile = "";
				IPHONEOS_DEPLOYMENT_TARGET = 18.0;
				LOCALIZATION_PREFERS_STRING_CATALOGS = YES;
				MTL_ENABLE_DEBUG_INFO = INCLUDE_SOURCE;
				MTL_FAST_MATH = YES;
				ONLY_ACTIVE_ARCH = YES;
				SDKROOT = iphoneos;
				SWIFT_ACTIVE_COMPILATION_CONDITIONS = "DEBUG $(inherited)";
				SWIFT_OPTIMIZATION_LEVEL = "-Onone";
			};
			name = Debug;
		};
		1C0220542CD0000000F8EC7C /* Release */ = {
			isa = XCBuildConfiguration;
			buildSettings = {
				ALWAYS_SEARCH_USER_PATHS = NO;
				ASSETCATALOG_COMPILER_GENERATE_SWIFT_ASSET_SYMBOL_EXTENSIONS = YES;
				CLANG_ANALYZER_NONNULL = YES;
				CLANG_ANALYZER_NUMBER_OBJECT_CONVERSION = YES_AGGRESSIVE;
				CLANG_CXX_LANGUAGE_STANDARD = "gnu++20";
				CLANG_ENABLE_MODULES = YES;
				CLANG_ENABLE_OBJC_ARC = YES;
				CLANG_ENABLE_OBJC_WEAK = YES;
				CLANG_WARN_BLOCK_CAPTURE_AUTORELEASING = YES;
				CLANG_WARN_BOOL_CONVERSION = YES;
				CLANG_WARN_COMMA = YES;
				CLANG_WARN_CONSTANT_CONVERSION = YES;
				CLANG_WARN_DEPRECATED_OBJC_IMPLEMENTATIONS = YES;
				CLANG_WARN_DIRECT_OBJC_ISA_USAGE = YES_ERROR;
				CLANG_WARN_DOCUMENTATION_COMMENTS = YES;
				CLANG_WARN_EMPTY_BODY = YES;
				CLANG_WARN_ENUM_CONVERSION = YES;
				CLANG_WARN_INFINITE_RECURSION = YES;
				CLANG_WARN_INT_CONVERSION = YES;
				CLANG_WARN_NON_LITERAL_NULL_CONVERSION = YES;
				CLANG_WARN_OBJC_IMPLICIT_RETAIN_SELF = YES;
				CLANG_WARN_OBJC_LITERAL_CONVERSION = YES;
				CLANG_WARN_OBJC_ROOT_CLASS = YES_ERROR;
				CLANG_WARN_QUOTED_INCLUDE_IN_FRAMEWORK_HEADER = YES;
				CLANG_WARN_RANGE_LOOP_ANALYSIS = YES;
				CLANG_WARN_STRICT_PROTOTYPES = YES;
				CLANG_WARN_SUSPICIOUS_MOVE = YES;
				CLANG_WARN_UNGUARDED_AVAILABILITY = YES_AGGRESSIVE;
				CLANG_WARN_UNREACHABLE_CODE = YES;
				CLANG_WARN__DUPLICATE_METHOD_MATCH = YES;
				COPY_PHASE_STRIP = NO;
				DEBUG_INFORMATION_FORMAT = "dwarf-with-dsym";
				ENABLE_NS_ASSERTIONS = NO;
				ENABLE_STRICT_OBJC_MSGSEND = YES;
				ENABLE_USER_SCRIPT_SANDBOXING = YES;
				GCC_C_LANGUAGE_STANDARD = gnu17;
				GCC_NO_COMMON_BLOCKS = YES;
				GCC_WARN_64_TO_32_BIT_CONVERSION = YES;
				GCC_WARN_ABOUT_RETURN_TYPE = YES_ERROR;
				GCC_WARN_UNDECLARED_SELECTOR = YES;
				GCC_WARN_UNINITIALIZED_AUTOS = YES_AGGRESSIVE;
				GCC_WARN_UNUSED_FUNCTION = YES;
				GCC_WARN_UNUSED_VARIABLE = YES;
				INFOPLIST_KEY_UIMainStoryboardFile = "";
				IPHONEOS_DEPLOYMENT_TARGET = 18.0;
				LOCALIZATION_PREFERS_STRING_CATALOGS = YES;
				MTL_ENABLE_DEBUG_INFO = NO;
				MTL_FAST_MATH = YES;
				SDKROOT = iphoneos;
				SWIFT_COMPILATION_MODE = wholemodule;
				VALIDATE_PRODUCT = YES;
			};
			name = Release;
		};
		1C0220562CD0000000F8EC7C /* Debug */ = {
			isa = XCBuildConfiguration;
			buildSettings = {
				BUNDLE_LOADER = "$(TEST_HOST)";
				CODE_SIGN_STYLE = Automatic;
				CURRENT_PROJECT_VERSION = 1;
				DEVELOPMENT_TEAM = 7T7S6TSNMX;
				GENERATE_INFOPLIST_FILE = YES;
				IPHONEOS_DEPLOYMENT_TARGET = 18.0;
				MARKETING_VERSION = 1.0;
				PRODUCT_BUNDLE_IDENTIFIER = zemld.dizemlianukhinPW2Tests;
				PRODUCT_NAME = "$(TARGET_NAME)";
				SWIFT_EMIT_LOC_STRINGS = NO;
				SWIFT_VERSION = 5.0;
				TARGETED_DEVICE_FAMILY = "1,2";
				TEST_HOST = "$(BUILT_PRODUCTS_DIR)/dizemlianukhinPW2.app/$(BUNDLE_EXECUTABLE_FOLDER_PATH)/dizemlianukhinPW2";
			};
			name = Debug;
		};
		1C0220572CD0000000F8EC7C /* Release */ = {
			isa = XCBuildConfiguration;
			buildSettings = {
				BUNDLE_LOADER = "$(TEST_HOST)";
				CODE_SIGN_STYLE = Automatic;
				CURRENT_PROJECT_VERSION = 1;
				DEVELOPMENT_TEAM = 7T7S6TSNMX;
				GENERATE_INFOPLIST_FILE = YES;
				IPHONEOS_DEPLOYMENT_TARGET = 18.0;
				MARKETING_VERSION = 1.0;
				PRODUCT_BUNDLE_IDENTIFIER = zemld.dizemlianukhinPW2Tests;
				PRODUCT_NAME = "$(TARGET_NAME)";
				SWIFT_EMIT_LOC_STRINGS = NO;
				SWIFT_VERSION = 5.0;
				TARGETED_DEVICE_FAMILY = "1,2";
				TEST_HOST = "$(BUILT_PRODUCTS_DIR)/dizemlianukhinPW2.app/$(BUNDLE_EXECUTABLE_FOLDER_PATH)/dizemlianukhinPW2";
			};
			name = Release;
		};
		1C0220592CD0000000F8EC7C /* Debug */ = {
			isa = XCBuildConfiguration;
			buildSettings = {
				CODE_SIGN_STYLE = Automatic;
				CURRENT_PROJECT_VERSION = 1;
				DEVELOPMENT_TEAM = 7T7S6TSNMX;
				GENERATE_INFOPLIST_FILE = YES;
				MARKETING_VERSION = 1.0;
				PRODUCT_BUNDLE_IDENTIFIER = zemld.dizemlianukhinPW2UITests;
				PRODUCT_NAME = "$(TARGET_NAME)";
				SWIFT_EMIT_LOC_STRINGS = NO;
				SWIFT_VERSION = 5.0;
				TARGETED_DEVICE_FAMILY = "1,2";
				TEST_TARGET_NAME = dizemlianukhinPW2;
			};
			name = Debug;
		};
		1C02205A2CD0000000F8EC7C /* Release */ = {
			isa = XCBuildConfiguration;
			buildSettings = {
				CODE_SIGN_STYLE = Automatic;
				CURRENT_PROJECT_VERSION = 1;
				DEVELOPMENT_TEAM = 7T7S6TSNMX;
				GENERATE_INFOPLIST_FILE = YES;
				MARKETING_VERSION = 1.0;
				PRODUCT_BUNDLE_IDENTIFIER = zemld.dizemlianukhinPW2UITests;
				PRODUCT_NAME = "$(TARGET_NAME)";
				SWIFT_EMIT_LOC_STRINGS = NO;
				SWIFT_VERSION = 5.0;
				TARGETED_DEVICE_FAMILY = "1,2";
				TEST_TARGET_NAME = dizemlianukhinPW2;
			};
			name = Release;
		};
/* End XCBuildConfiguration section */

/* Begin XCConfigurationList section */
		1C0220222CCFFFFE00F8EC7C /* Build configuration list for PBXProject "dizemlianukhinPW2" */ = {
			isa = XCConfigurationList;
			buildConfigurations = (
				1C0220532CD0000000F8EC7C /* Debug */,
				1C0220542CD0000000F8EC7C /* Release */,
			);
			defaultConfigurationIsVisible = 0;
			defaultConfigurationName = Release;
		};
		1C0220502CD0000000F8EC7C /* Build configuration list for PBXNativeTarget "dizemlianukhinPW2" */ = {
			isa = XCConfigurationList;
			buildConfigurations = (
				1C0220512CD0000000F8EC7C /* Debug */,
				1C0220522CD0000000F8EC7C /* Release */,
			);
			defaultConfigurationIsVisible = 0;
			defaultConfigurationName = Release;
		};
		1C0220552CD0000000F8EC7C /* Build configuration list for PBXNativeTarget "dizemlianukhinPW2Tests" */ = {
			isa = XCConfigurationList;
			buildConfigurations = (
				1C0220562CD0000000F8EC7C /* Debug */,
				1C0220572CD0000000F8EC7C /* Release */,
			);
			defaultConfigurationIsVisible = 0;
			defaultConfigurationName = Release;
		};
		1C0220582CD0000000F8EC7C /* Build configuration list for PBXNativeTarget "dizemlianukhinPW2UITests" */ = {
			isa = XCConfigurationList;
			buildConfigurations = (
				1C0220592CD0000000F8EC7C /* Debug */,
				1C02205A2CD0000000F8EC7C /* Release */,
			);
			defaultConfigurationIsVisible = 0;
			defaultConfigurationName = Release;
		};
/* End XCConfigurationList section */
	};
	rootObject = 1C02201F2CCFFFFE00F8EC7C /* Project object */;
}
