// !$*UTF8*$!
{
	archiveVersion = 1;
	classes = {
	};
	objectVersion = 77;
	objects = {

/* Begin PBXContainerItemProxy section */
		1CB7D2742CBAB2D6001397B6 /* PBXContainerItemProxy */ = {
			isa = PBXContainerItemProxy;
			containerPortal = 1CB7D2552CBAB2D5001397B6 /* Project object */;
			proxyType = 1;
			remoteGlobalIDString = 1CB7D25C2CBAB2D5001397B6;
			remoteInfo = dizemlianukhinPW1;
		};
		1CB7D27E2CBAB2D6001397B6 /* PBXContainerItemProxy */ = {
			isa = PBXContainerItemProxy;
			containerPortal = 1CB7D2552CBAB2D5001397B6 /* Project object */;
			proxyType = 1;
			remoteGlobalIDString = 1CB7D25C2CBAB2D5001397B6;
			remoteInfo = dizemlianukhinPW1;
		};
/* End PBXContainerItemProxy section */

/* Begin PBXFileReference section */
		1CB7D25D2CBAB2D5001397B6 /* dizemlianukhinPW1.app */ = {isa = PBXFileReference; explicitFileType = wrapper.application; includeInIndex = 0; path = dizemlianukhinPW1.app; sourceTree = BUILT_PRODUCTS_DIR; };
		1CB7D2732CBAB2D6001397B6 /* dizemlianukhinPW1Tests.xctest */ = {isa = PBXFileReference; explicitFileType = wrapper.cfbundle; includeInIndex = 0; path = dizemlianukhinPW1Tests.xctest; sourceTree = BUILT_PRODUCTS_DIR; };
		1CB7D27D2CBAB2D6001397B6 /* dizemlianukhinPW1UITests.xctest */ = {isa = PBXFileReference; explicitFileType = wrapper.cfbundle; includeInIndex = 0; path = dizemlianukhinPW1UITests.xctest; sourceTree = BUILT_PRODUCTS_DIR; };
/* End PBXFileReference section */

/* Begin PBXFileSystemSynchronizedBuildFileExceptionSet section */
		1CB7D2852CBAB2D6001397B6 /* Exceptions for "dizemlianukhinPW1" folder in "dizemlianukhinPW1" target */ = {
			isa = PBXFileSystemSynchronizedBuildFileExceptionSet;
			membershipExceptions = (
				Info.plist,
			);
			target = 1CB7D25C2CBAB2D5001397B6 /* dizemlianukhinPW1 */;
		};
/* End PBXFileSystemSynchronizedBuildFileExceptionSet section */

/* Begin PBXFileSystemSynchronizedRootGroup section */
		1CB7D25F2CBAB2D5001397B6 /* dizemlianukhinPW1 */ = {
			isa = PBXFileSystemSynchronizedRootGroup;
			exceptions = (
				1CB7D2852CBAB2D6001397B6 /* Exceptions for "dizemlianukhinPW1" folder in "dizemlianukhinPW1" target */,
			);
			path = dizemlianukhinPW1;
			sourceTree = "<group>";
		};
		1CB7D2762CBAB2D6001397B6 /* dizemlianukhinPW1Tests */ = {
			isa = PBXFileSystemSynchronizedRootGroup;
			path = dizemlianukhinPW1Tests;
			sourceTree = "<group>";
		};
		1CB7D2802CBAB2D6001397B6 /* dizemlianukhinPW1UITests */ = {
			isa = PBXFileSystemSynchronizedRootGroup;
			path = dizemlianukhinPW1UITests;
			sourceTree = "<group>";
		};
/* End PBXFileSystemSynchronizedRootGroup section */

/* Begin PBXFrameworksBuildPhase section */
		1CB7D25A2CBAB2D5001397B6 /* Frameworks */ = {
			isa = PBXFrameworksBuildPhase;
			buildActionMask = 2147483647;
			files = (
			);
			runOnlyForDeploymentPostprocessing = 0;
		};
		1CB7D2702CBAB2D6001397B6 /* Frameworks */ = {
			isa = PBXFrameworksBuildPhase;
			buildActionMask = 2147483647;
			files = (
			);
			runOnlyForDeploymentPostprocessing = 0;
		};
		1CB7D27A2CBAB2D6001397B6 /* Frameworks */ = {
			isa = PBXFrameworksBuildPhase;
			buildActionMask = 2147483647;
			files = (
			);
			runOnlyForDeploymentPostprocessing = 0;
		};
/* End PBXFrameworksBuildPhase section */

/* Begin PBXGroup section */
		1CB7D2542CBAB2D5001397B6 = {
			isa = PBXGroup;
			children = (
				1CB7D25F2CBAB2D5001397B6 /* dizemlianukhinPW1 */,
				1CB7D2762CBAB2D6001397B6 /* dizemlianukhinPW1Tests */,
				1CB7D2802CBAB2D6001397B6 /* dizemlianukhinPW1UITests */,
				1CB7D25E2CBAB2D5001397B6 /* Products */,
			);
			sourceTree = "<group>";
		};
		1CB7D25E2CBAB2D5001397B6 /* Products */ = {
			isa = PBXGroup;
			children = (
				1CB7D25D2CBAB2D5001397B6 /* dizemlianukhinPW1.app */,
				1CB7D2732CBAB2D6001397B6 /* dizemlianukhinPW1Tests.xctest */,
				1CB7D27D2CBAB2D6001397B6 /* dizemlianukhinPW1UITests.xctest */,
			);
			name = Products;
			sourceTree = "<group>";
		};
/* End PBXGroup section */

/* Begin PBXNativeTarget section */
		1CB7D25C2CBAB2D5001397B6 /* dizemlianukhinPW1 */ = {
			isa = PBXNativeTarget;
			buildConfigurationList = 1CB7D2862CBAB2D6001397B6 /* Build configuration list for PBXNativeTarget "dizemlianukhinPW1" */;
			buildPhases = (
				1CB7D2592CBAB2D5001397B6 /* Sources */,
				1CB7D25A2CBAB2D5001397B6 /* Frameworks */,
				1CB7D25B2CBAB2D5001397B6 /* Resources */,
			);
			buildRules = (
			);
			dependencies = (
			);
			fileSystemSynchronizedGroups = (
				1CB7D25F2CBAB2D5001397B6 /* dizemlianukhinPW1 */,
			);
			name = dizemlianukhinPW1;
			packageProductDependencies = (
			);
			productName = dizemlianukhinPW1;
			productReference = 1CB7D25D2CBAB2D5001397B6 /* dizemlianukhinPW1.app */;
			productType = "com.apple.product-type.application";
		};
		1CB7D2722CBAB2D6001397B6 /* dizemlianukhinPW1Tests */ = {
			isa = PBXNativeTarget;
			buildConfigurationList = 1CB7D28B2CBAB2D6001397B6 /* Build configuration list for PBXNativeTarget "dizemlianukhinPW1Tests" */;
			buildPhases = (
				1CB7D26F2CBAB2D6001397B6 /* Sources */,
				1CB7D2702CBAB2D6001397B6 /* Frameworks */,
				1CB7D2712CBAB2D6001397B6 /* Resources */,
			);
			buildRules = (
			);
			dependencies = (
				1CB7D2752CBAB2D6001397B6 /* PBXTargetDependency */,
			);
			fileSystemSynchronizedGroups = (
				1CB7D2762CBAB2D6001397B6 /* dizemlianukhinPW1Tests */,
			);
			name = dizemlianukhinPW1Tests;
			packageProductDependencies = (
			);
			productName = dizemlianukhinPW1Tests;
			productReference = 1CB7D2732CBAB2D6001397B6 /* dizemlianukhinPW1Tests.xctest */;
			productType = "com.apple.product-type.bundle.unit-test";
		};
		1CB7D27C2CBAB2D6001397B6 /* dizemlianukhinPW1UITests */ = {
			isa = PBXNativeTarget;
			buildConfigurationList = 1CB7D28E2CBAB2D6001397B6 /* Build configuration list for PBXNativeTarget "dizemlianukhinPW1UITests" */;
			buildPhases = (
				1CB7D2792CBAB2D6001397B6 /* Sources */,
				1CB7D27A2CBAB2D6001397B6 /* Frameworks */,
				1CB7D27B2CBAB2D6001397B6 /* Resources */,
			);
			buildRules = (
			);
			dependencies = (
				1CB7D27F2CBAB2D6001397B6 /* PBXTargetDependency */,
			);
			fileSystemSynchronizedGroups = (
				1CB7D2802CBAB2D6001397B6 /* dizemlianukhinPW1UITests */,
			);
			name = dizemlianukhinPW1UITests;
			packageProductDependencies = (
			);
			productName = dizemlianukhinPW1UITests;
			productReference = 1CB7D27D2CBAB2D6001397B6 /* dizemlianukhinPW1UITests.xctest */;
			productType = "com.apple.product-type.bundle.ui-testing";
		};
/* End PBXNativeTarget section */

/* Begin PBXProject section */
		1CB7D2552CBAB2D5001397B6 /* Project object */ = {
			isa = PBXProject;
			attributes = {
				BuildIndependentTargetsInParallel = 1;
				LastSwiftUpdateCheck = 1600;
				LastUpgradeCheck = 1600;
				TargetAttributes = {
					1CB7D25C2CBAB2D5001397B6 = {
						CreatedOnToolsVersion = 16.0;
					};
					1CB7D2722CBAB2D6001397B6 = {
						CreatedOnToolsVersion = 16.0;
						TestTargetID = 1CB7D25C2CBAB2D5001397B6;
					};
					1CB7D27C2CBAB2D6001397B6 = {
						CreatedOnToolsVersion = 16.0;
						TestTargetID = 1CB7D25C2CBAB2D5001397B6;
					};
				};
			};
			buildConfigurationList = 1CB7D2582CBAB2D5001397B6 /* Build configuration list for PBXProject "dizemlianukhinPW1" */;
			developmentRegion = en;
			hasScannedForEncodings = 0;
			knownRegions = (
				en,
				Base,
			);
			mainGroup = 1CB7D2542CBAB2D5001397B6;
			minimizedProjectReferenceProxies = 1;
			preferredProjectObjectVersion = 77;
			productRefGroup = 1CB7D25E2CBAB2D5001397B6 /* Products */;
			projectDirPath = "";
			projectRoot = "";
			targets = (
				1CB7D25C2CBAB2D5001397B6 /* dizemlianukhinPW1 */,
				1CB7D2722CBAB2D6001397B6 /* dizemlianukhinPW1Tests */,
				1CB7D27C2CBAB2D6001397B6 /* dizemlianukhinPW1UITests */,
			);
		};
/* End PBXProject section */

/* Begin PBXResourcesBuildPhase section */
		1CB7D25B2CBAB2D5001397B6 /* Resources */ = {
			isa = PBXResourcesBuildPhase;
			buildActionMask = 2147483647;
			files = (
			);
			runOnlyForDeploymentPostprocessing = 0;
		};
		1CB7D2712CBAB2D6001397B6 /* Resources */ = {
			isa = PBXResourcesBuildPhase;
			buildActionMask = 2147483647;
			files = (
			);
			runOnlyForDeploymentPostprocessing = 0;
		};
		1CB7D27B2CBAB2D6001397B6 /* Resources */ = {
			isa = PBXResourcesBuildPhase;
			buildActionMask = 2147483647;
			files = (
			);
			runOnlyForDeploymentPostprocessing = 0;
		};
/* End PBXResourcesBuildPhase section */

/* Begin PBXSourcesBuildPhase section */
		1CB7D2592CBAB2D5001397B6 /* Sources */ = {
			isa = PBXSourcesBuildPhase;
			buildActionMask = 2147483647;
			files = (
			);
			runOnlyForDeploymentPostprocessing = 0;
		};
		1CB7D26F2CBAB2D6001397B6 /* Sources */ = {
			isa = PBXSourcesBuildPhase;
			buildActionMask = 2147483647;
			files = (
			);
			runOnlyForDeploymentPostprocessing = 0;
		};
		1CB7D2792CBAB2D6001397B6 /* Sources */ = {
			isa = PBXSourcesBuildPhase;
			buildActionMask = 2147483647;
			files = (
			);
			runOnlyForDeploymentPostprocessing = 0;
		};
/* End PBXSourcesBuildPhase section */

/* Begin PBXTargetDependency section */
		1CB7D2752CBAB2D6001397B6 /* PBXTargetDependency */ = {
			isa = PBXTargetDependency;
			target = 1CB7D25C2CBAB2D5001397B6 /* dizemlianukhinPW1 */;
			targetProxy = 1CB7D2742CBAB2D6001397B6 /* PBXContainerItemProxy */;
		};
		1CB7D27F2CBAB2D6001397B6 /* PBXTargetDependency */ = {
			isa = PBXTargetDependency;
			target = 1CB7D25C2CBAB2D5001397B6 /* dizemlianukhinPW1 */;
			targetProxy = 1CB7D27E2CBAB2D6001397B6 /* PBXContainerItemProxy */;
		};
/* End PBXTargetDependency section */

/* Begin XCBuildConfiguration section */
		1CB7D2872CBAB2D6001397B6 /* Debug */ = {
			isa = XCBuildConfiguration;
			buildSettings = {
				ASSETCATALOG_COMPILER_APPICON_NAME = AppIcon;
				ASSETCATALOG_COMPILER_GLOBAL_ACCENT_COLOR_NAME = AccentColor;
				CODE_SIGN_STYLE = Automatic;
				CURRENT_PROJECT_VERSION = 1;
				DEVELOPMENT_TEAM = 7T7S6TSNMX;
				GENERATE_INFOPLIST_FILE = YES;
				INFOPLIST_FILE = dizemlianukhinPW1/Info.plist;
				INFOPLIST_KEY_UIApplicationSupportsIndirectInputEvents = YES;
				INFOPLIST_KEY_UILaunchStoryboardName = LaunchScreen;
				INFOPLIST_KEY_UIMainStoryboardFile = Main;
				INFOPLIST_KEY_UISupportedInterfaceOrientations_iPad = "UIInterfaceOrientationPortrait UIInterfaceOrientationPortraitUpsideDown UIInterfaceOrientationLandscapeLeft UIInterfaceOrientationLandscapeRight";
				INFOPLIST_KEY_UISupportedInterfaceOrientations_iPhone = "UIInterfaceOrientationPortrait UIInterfaceOrientationLandscapeLeft UIInterfaceOrientationLandscapeRight";
				LD_RUNPATH_SEARCH_PATHS = (
					"$(inherited)",
					"@executable_path/Frameworks",
				);
				MARKETING_VERSION = 1.0;
				PRODUCT_BUNDLE_IDENTIFIER = zemld.dizemlianukhinPW1;
				PRODUCT_NAME = "$(TARGET_NAME)";
				SWIFT_EMIT_LOC_STRINGS = YES;
				SWIFT_VERSION = 5.0;
				TARGETED_DEVICE_FAMILY = "1,2";
			};
			name = Debug;
		};
		1CB7D2882CBAB2D6001397B6 /* Release */ = {
			isa = XCBuildConfiguration;
			buildSettings = {
				ASSETCATALOG_COMPILER_APPICON_NAME = AppIcon;
				ASSETCATALOG_COMPILER_GLOBAL_ACCENT_COLOR_NAME = AccentColor;
				CODE_SIGN_STYLE = Automatic;
				CURRENT_PROJECT_VERSION = 1;
				DEVELOPMENT_TEAM = 7T7S6TSNMX;
				GENERATE_INFOPLIST_FILE = YES;
				INFOPLIST_FILE = dizemlianukhinPW1/Info.plist;
				INFOPLIST_KEY_UIApplicationSupportsIndirectInputEvents = YES;
				INFOPLIST_KEY_UILaunchStoryboardName = LaunchScreen;
				INFOPLIST_KEY_UIMainStoryboardFile = Main;
				INFOPLIST_KEY_UISupportedInterfaceOrientations_iPad = "UIInterfaceOrientationPortrait UIInterfaceOrientationPortraitUpsideDown UIInterfaceOrientationLandscapeLeft UIInterfaceOrientationLandscapeRight";
				INFOPLIST_KEY_UISupportedInterfaceOrientations_iPhone = "UIInterfaceOrientationPortrait UIInterfaceOrientationLandscapeLeft UIInterfaceOrientationLandscapeRight";
				LD_RUNPATH_SEARCH_PATHS = (
					"$(inherited)",
					"@executable_path/Frameworks",
				);
				MARKETING_VERSION = 1.0;
				PRODUCT_BUNDLE_IDENTIFIER = zemld.dizemlianukhinPW1;
				PRODUCT_NAME = "$(TARGET_NAME)";
				SWIFT_EMIT_LOC_STRINGS = YES;
				SWIFT_VERSION = 5.0;
				TARGETED_DEVICE_FAMILY = "1,2";
			};
			name = Release;
		};
		1CB7D2892CBAB2D6001397B6 /* Debug */ = {
			isa = XCBuildConfiguration;
			buildSettings = {
				ALWAYS_SEARCH_USER_PATHS = NO;
				ASSETCATALOG_COMPILER_GENERATE_SWIFT_ASSET_SYMBOL_EXTENSIONS = YES;
				CLANG_ANALYZER_NONNULL = YES;
				CLANG_ANALYZER_NUMBER_OBJECT_CONVERSION = YES_AGGRESSIVE;
				CLANG_CXX_LANGUAGE_STANDARD = "gnu++20";
				CLANG_ENABLE_MODULES = YES;
				CLANG_ENABLE_OBJC_ARC = YES;
				CLANG_ENABLE_OBJC_WEAK = YES;
				CLANG_WARN_BLOCK_CAPTURE_AUTORELEASING = YES;
				CLANG_WARN_BOOL_CONVERSION = YES;
				CLANG_WARN_COMMA = YES;
				CLANG_WARN_CONSTANT_CONVERSION = YES;
				CLANG_WARN_DEPRECATED_OBJC_IMPLEMENTATIONS = YES;
				CLANG_WARN_DIRECT_OBJC_ISA_USAGE = YES_ERROR;
				CLANG_WARN_DOCUMENTATION_COMMENTS = YES;
				CLANG_WARN_EMPTY_BODY = YES;
				CLANG_WARN_ENUM_CONVERSION = YES;
				CLANG_WARN_INFINITE_RECURSION = YES;
				CLANG_WARN_INT_CONVERSION = YES;
				CLANG_WARN_NON_LITERAL_NULL_CONVERSION = YES;
				CLANG_WARN_OBJC_IMPLICIT_RETAIN_SELF = YES;
				CLANG_WARN_OBJC_LITERAL_CONVERSION = YES;
				CLANG_WARN_OBJC_ROOT_CLASS = YES_ERROR;
				CLANG_WARN_QUOTED_INCLUDE_IN_FRAMEWORK_HEADER = YES;
				CLANG_WARN_RANGE_LOOP_ANALYSIS = YES;
				CLANG_WARN_STRICT_PROTOTYPES = YES;
				CLANG_WARN_SUSPICIOUS_MOVE = YES;
				CLANG_WARN_UNGUARDED_AVAILABILITY = YES_AGGRESSIVE;
				CLANG_WARN_UNREACHABLE_CODE = YES;
				CLANG_WARN__DUPLICATE_METHOD_MATCH = YES;
				COPY_PHASE_STRIP = NO;
				DEBUG_INFORMATION_FORMAT = dwarf;
				ENABLE_STRICT_OBJC_MSGSEND = YES;
				ENABLE_TESTABILITY = YES;
				ENABLE_USER_SCRIPT_SANDBOXING = YES;
				GCC_C_LANGUAGE_STANDARD = gnu17;
				GCC_DYNAMIC_NO_PIC = NO;
				GCC_NO_COMMON_BLOCKS = YES;
				GCC_OPTIMIZATION_LEVEL = 0;
				GCC_PREPROCESSOR_DEFINITIONS = (
					"DEBUG=1",
					"$(inherited)",
				);
				GCC_WARN_64_TO_32_BIT_CONVERSION = YES;
				GCC_WARN_ABOUT_RETURN_TYPE = YES_ERROR;
				GCC_WARN_UNDECLARED_SELECTOR = YES;
				GCC_WARN_UNINITIALIZED_AUTOS = YES_AGGRESSIVE;
				GCC_WARN_UNUSED_FUNCTION = YES;
				GCC_WARN_UNUSED_VARIABLE = YES;
				IPHONEOS_DEPLOYMENT_TARGET = 18.0;
				LOCALIZATION_PREFERS_STRING_CATALOGS = YES;
				MTL_ENABLE_DEBUG_INFO = INCLUDE_SOURCE;
				MTL_FAST_MATH = YES;
				ONLY_ACTIVE_ARCH = YES;
				SDKROOT = iphoneos;
				SWIFT_ACTIVE_COMPILATION_CONDITIONS = "DEBUG $(inherited)";
				SWIFT_OPTIMIZATION_LEVEL = "-Onone";
			};
			name = Debug;
		};
		1CB7D28A2CBAB2D6001397B6 /* Release */ = {
			isa = XCBuildConfiguration;
			buildSettings = {
				ALWAYS_SEARCH_USER_PATHS = NO;
				ASSETCATALOG_COMPILER_GENERATE_SWIFT_ASSET_SYMBOL_EXTENSIONS = YES;
				CLANG_ANALYZER_NONNULL = YES;
				CLANG_ANALYZER_NUMBER_OBJECT_CONVERSION = YES_AGGRESSIVE;
				CLANG_CXX_LANGUAGE_STANDARD = "gnu++20";
				CLANG_ENABLE_MODULES = YES;
				CLANG_ENABLE_OBJC_ARC = YES;
				CLANG_ENABLE_OBJC_WEAK = YES;
				CLANG_WARN_BLOCK_CAPTURE_AUTORELEASING = YES;
				CLANG_WARN_BOOL_CONVERSION = YES;
				CLANG_WARN_COMMA = YES;
				CLANG_WARN_CONSTANT_CONVERSION = YES;
				CLANG_WARN_DEPRECATED_OBJC_IMPLEMENTATIONS = YES;
				CLANG_WARN_DIRECT_OBJC_ISA_USAGE = YES_ERROR;
				CLANG_WARN_DOCUMENTATION_COMMENTS = YES;
				CLANG_WARN_EMPTY_BODY = YES;
				CLANG_WARN_ENUM_CONVERSION = YES;
				CLANG_WARN_INFINITE_RECURSION = YES;
				CLANG_WARN_INT_CONVERSION = YES;
				CLANG_WARN_NON_LITERAL_NULL_CONVERSION = YES;
				CLANG_WARN_OBJC_IMPLICIT_RETAIN_SELF = YES;
				CLANG_WARN_OBJC_LITERAL_CONVERSION = YES;
				CLANG_WARN_OBJC_ROOT_CLASS = YES_ERROR;
				CLANG_WARN_QUOTED_INCLUDE_IN_FRAMEWORK_HEADER = YES;
				CLANG_WARN_RANGE_LOOP_ANALYSIS = YES;
				CLANG_WARN_STRICT_PROTOTYPES = YES;
				CLANG_WARN_SUSPICIOUS_MOVE = YES;
				CLANG_WARN_UNGUARDED_AVAILABILITY = YES_AGGRESSIVE;
				CLANG_WARN_UNREACHABLE_CODE = YES;
				CLANG_WARN__DUPLICATE_METHOD_MATCH = YES;
				COPY_PHASE_STRIP = NO;
				DEBUG_INFORMATION_FORMAT = "dwarf-with-dsym";
				ENABLE_NS_ASSERTIONS = NO;
				ENABLE_STRICT_OBJC_MSGSEND = YES;
				ENABLE_USER_SCRIPT_SANDBOXING = YES;
				GCC_C_LANGUAGE_STANDARD = gnu17;
				GCC_NO_COMMON_BLOCKS = YES;
				GCC_WARN_64_TO_32_BIT_CONVERSION = YES;
				GCC_WARN_ABOUT_RETURN_TYPE = YES_ERROR;
				GCC_WARN_UNDECLARED_SELECTOR = YES;
				GCC_WARN_UNINITIALIZED_AUTOS = YES_AGGRESSIVE;
				GCC_WARN_UNUSED_FUNCTION = YES;
				GCC_WARN_UNUSED_VARIABLE = YES;
				IPHONEOS_DEPLOYMENT_TARGET = 18.0;
				LOCALIZATION_PREFERS_STRING_CATALOGS = YES;
				MTL_ENABLE_DEBUG_INFO = NO;
				MTL_FAST_MATH = YES;
				SDKROOT = iphoneos;
				SWIFT_COMPILATION_MODE = wholemodule;
				VALIDATE_PRODUCT = YES;
			};
			name = Release;
		};
		1CB7D28C2CBAB2D6001397B6 /* Debug */ = {
			isa = XCBuildConfiguration;
			buildSettings = {
				BUNDLE_LOADER = "$(TEST_HOST)";
				CODE_SIGN_STYLE = Automatic;
				CURRENT_PROJECT_VERSION = 1;
				DEVELOPMENT_TEAM = 7T7S6TSNMX;
				GENERATE_INFOPLIST_FILE = YES;
				IPHONEOS_DEPLOYMENT_TARGET = 18.0;
				MARKETING_VERSION = 1.0;
				PRODUCT_BUNDLE_IDENTIFIER = zemld.dizemlianukhinPW1Tests;
				PRODUCT_NAME = "$(TARGET_NAME)";
				SWIFT_EMIT_LOC_STRINGS = NO;
				SWIFT_VERSION = 5.0;
				TARGETED_DEVICE_FAMILY = "1,2";
				TEST_HOST = "$(BUILT_PRODUCTS_DIR)/dizemlianukhinPW1.app/$(BUNDLE_EXECUTABLE_FOLDER_PATH)/dizemlianukhinPW1";
			};
			name = Debug;
		};
		1CB7D28D2CBAB2D6001397B6 /* Release */ = {
			isa = XCBuildConfiguration;
			buildSettings = {
				BUNDLE_LOADER = "$(TEST_HOST)";
				CODE_SIGN_STYLE = Automatic;
				CURRENT_PROJECT_VERSION = 1;
				DEVELOPMENT_TEAM = 7T7S6TSNMX;
				GENERATE_INFOPLIST_FILE = YES;
				IPHONEOS_DEPLOYMENT_TARGET = 18.0;
				MARKETING_VERSION = 1.0;
				PRODUCT_BUNDLE_IDENTIFIER = zemld.dizemlianukhinPW1Tests;
				PRODUCT_NAME = "$(TARGET_NAME)";
				SWIFT_EMIT_LOC_STRINGS = NO;
				SWIFT_VERSION = 5.0;
				TARGETED_DEVICE_FAMILY = "1,2";
				TEST_HOST = "$(BUILT_PRODUCTS_DIR)/dizemlianukhinPW1.app/$(BUNDLE_EXECUTABLE_FOLDER_PATH)/dizemlianukhinPW1";
			};
			name = Release;
		};
		1CB7D28F2CBAB2D6001397B6 /* Debug */ = {
			isa = XCBuildConfiguration;
			buildSettings = {
				CODE_SIGN_STYLE = Automatic;
				CURRENT_PROJECT_VERSION = 1;
				DEVELOPMENT_TEAM = 7T7S6TSNMX;
				GENERATE_INFOPLIST_FILE = YES;
				MARKETING_VERSION = 1.0;
				PRODUCT_BUNDLE_IDENTIFIER = zemld.dizemlianukhinPW1UITests;
				PRODUCT_NAME = "$(TARGET_NAME)";
				SWIFT_EMIT_LOC_STRINGS = NO;
				SWIFT_VERSION = 5.0;
				TARGETED_DEVICE_FAMILY = "1,2";
				TEST_TARGET_NAME = dizemlianukhinPW1;
			};
			name = Debug;
		};
		1CB7D2902CBAB2D6001397B6 /* Release */ = {
			isa = XCBuildConfiguration;
			buildSettings = {
				CODE_SIGN_STYLE = Automatic;
				CURRENT_PROJECT_VERSION = 1;
				DEVELOPMENT_TEAM = 7T7S6TSNMX;
				GENERATE_INFOPLIST_FILE = YES;
				MARKETING_VERSION = 1.0;
				PRODUCT_BUNDLE_IDENTIFIER = zemld.dizemlianukhinPW1UITests;
				PRODUCT_NAME = "$(TARGET_NAME)";
				SWIFT_EMIT_LOC_STRINGS = NO;
				SWIFT_VERSION = 5.0;
				TARGETED_DEVICE_FAMILY = "1,2";
				TEST_TARGET_NAME = dizemlianukhinPW1;
			};
			name = Release;
		};
/* End XCBuildConfiguration section */

/* Begin XCConfigurationList section */
		1CB7D2582CBAB2D5001397B6 /* Build configuration list for PBXProject "dizemlianukhinPW1" */ = {
			isa = XCConfigurationList;
			buildConfigurations = (
				1CB7D2892CBAB2D6001397B6 /* Debug */,
				1CB7D28A2CBAB2D6001397B6 /* Release */,
			);
			defaultConfigurationIsVisible = 0;
			defaultConfigurationName = Release;
		};
		1CB7D2862CBAB2D6001397B6 /* Build configuration list for PBXNativeTarget "dizemlianukhinPW1" */ = {
			isa = XCConfigurationList;
			buildConfigurations = (
				1CB7D2872CBAB2D6001397B6 /* Debug */,
				1CB7D2882CBAB2D6001397B6 /* Release */,
			);
			defaultConfigurationIsVisible = 0;
			defaultConfigurationName = Release;
		};
		1CB7D28B2CBAB2D6001397B6 /* Build configuration list for PBXNativeTarget "dizemlianukhinPW1Tests" */ = {
			isa = XCConfigurationList;
			buildConfigurations = (
				1CB7D28C2CBAB2D6001397B6 /* Debug */,
				1CB7D28D2CBAB2D6001397B6 /* Release */,
			);
			defaultConfigurationIsVisible = 0;
			defaultConfigurationName = Release;
		};
		1CB7D28E2CBAB2D6001397B6 /* Build configuration list for PBXNativeTarget "dizemlianukhinPW1UITests" */ = {
			isa = XCConfigurationList;
			buildConfigurations = (
				1CB7D28F2CBAB2D6001397B6 /* Debug */,
				1CB7D2902CBAB2D6001397B6 /* Release */,
			);
			defaultConfigurationIsVisible = 0;
			defaultConfigurationName = Release;
		};
/* End XCConfigurationList section */
	};
	rootObject = 1CB7D2552CBAB2D5001397B6 /* Project object */;
}
